// !$*UTF8*$!
{
	archiveVersion = 1;
	classes = {
	};
	objectVersion = 50;
	objects = {

/* Begin PBXBuildFile section */
		A0413E4324E4176F00234333 /* AppDelegate.swift in Sources */ = {isa = PBXBuildFile; fileRef = A0413E4224E4176F00234333 /* AppDelegate.swift */; };
		A0413E4524E4176F00234333 /* SceneDelegate.swift in Sources */ = {isa = PBXBuildFile; fileRef = A0413E4424E4176F00234333 /* SceneDelegate.swift */; };
		A0413E4724E4176F00234333 /* TableViewController.swift in Sources */ = {isa = PBXBuildFile; fileRef = A0413E4624E4176F00234333 /* TableViewController.swift */; };
		A0413E4A24E4176F00234333 /* Main.storyboard in Resources */ = {isa = PBXBuildFile; fileRef = A0413E4824E4176F00234333 /* Main.storyboard */; };
		A0413E4C24E4177500234333 /* Assets.xcassets in Resources */ = {isa = PBXBuildFile; fileRef = A0413E4B24E4177500234333 /* Assets.xcassets */; };
		A0413E4F24E4177500234333 /* LaunchScreen.storyboard in Resources */ = {isa = PBXBuildFile; fileRef = A0413E4D24E4177500234333 /* LaunchScreen.storyboard */; };
		A0413E5724E41E0A00234333 /* TableViewCell.swift in Sources */ = {isa = PBXBuildFile; fileRef = A0413E5624E41E0A00234333 /* TableViewCell.swift */; };
		A0413E5924E43A8000234333 /* DetailViewController.swift in Sources */ = {isa = PBXBuildFile; fileRef = A0413E5824E43A8000234333 /* DetailViewController.swift */; };
/* End PBXBuildFile section */

/* Begin PBXFileReference section */
		A0413E3F24E4176F00234333 /* BurgersMenu.app */ = {isa = PBXFileReference; explicitFileType = wrapper.application; includeInIndex = 0; path = BurgersMenu.app; sourceTree = BUILT_PRODUCTS_DIR; };
		A0413E4224E4176F00234333 /* AppDelegate.swift */ = {isa = PBXFileReference; lastKnownFileType = sourcecode.swift; path = AppDelegate.swift; sourceTree = "<group>"; };
		A0413E4424E4176F00234333 /* SceneDelegate.swift */ = {isa = PBXFileReference; lastKnownFileType = sourcecode.swift; path = SceneDelegate.swift; sourceTree = "<group>"; };
		A0413E4624E4176F00234333 /* TableViewController.swift */ = {isa = PBXFileReference; lastKnownFileType = sourcecode.swift; path = TableViewController.swift; sourceTree = "<group>"; };
		A0413E4924E4176F00234333 /* Base */ = {isa = PBXFileReference; lastKnownFileType = file.storyboard; name = Base; path = Base.lproj/Main.storyboard; sourceTree = "<group>"; };
		A0413E4B24E4177500234333 /* Assets.xcassets */ = {isa = PBXFileReference; lastKnownFileType = folder.assetcatalog; path = Assets.xcassets; sourceTree = "<group>"; };
		A0413E4E24E4177500234333 /* Base */ = {isa = PBXFileReference; lastKnownFileType = file.storyboard; name = Base; path = Base.lproj/LaunchScreen.storyboard; sourceTree = "<group>"; };
		A0413E5024E4177500234333 /* Info.plist */ = {isa = PBXFileReference; lastKnownFileType = text.plist.xml; path = Info.plist; sourceTree = "<group>"; };
		A0413E5624E41E0A00234333 /* TableViewCell.swift */ = {isa = PBXFileReference; lastKnownFileType = sourcecode.swift; path = TableViewCell.swift; sourceTree = "<group>"; };
		A0413E5824E43A8000234333 /* DetailViewController.swift */ = {isa = PBXFileReference; lastKnownFileType = sourcecode.swift; path = DetailViewController.swift; sourceTree = "<group>"; };
/* End PBXFileReference section */

/* Begin PBXFrameworksBuildPhase section */
		A0413E3C24E4176F00234333 /* Frameworks */ = {
			isa = PBXFrameworksBuildPhase;
			buildActionMask = 2147483647;
			files = (
			);
			runOnlyForDeploymentPostprocessing = 0;
		};
/* End PBXFrameworksBuildPhase section */

/* Begin PBXGroup section */
		A0413E3624E4176F00234333 = {
			isa = PBXGroup;
			children = (
				A0413E4124E4176F00234333 /* BurgersMenu */,
				A0413E4024E4176F00234333 /* Products */,
			);
			sourceTree = "<group>";
		};
		A0413E4024E4176F00234333 /* Products */ = {
			isa = PBXGroup;
			children = (
				A0413E3F24E4176F00234333 /* BurgersMenu.app */,
			);
			name = Products;
			sourceTree = "<group>";
		};
		A0413E4124E4176F00234333 /* BurgersMenu */ = {
			isa = PBXGroup;
			children = (
				A0413E4224E4176F00234333 /* AppDelegate.swift */,
				A0413E4424E4176F00234333 /* SceneDelegate.swift */,
				A0413E5824E43A8000234333 /* DetailViewController.swift */,
				A046D2D124EBD72400B272EC /* MainTableView */,
				A0413E4824E4176F00234333 /* Main.storyboard */,
				A0413E4B24E4177500234333 /* Assets.xcassets */,
				A0413E4D24E4177500234333 /* LaunchScreen.storyboard */,
				A0413E5024E4177500234333 /* Info.plist */,
			);
			path = BurgersMenu;
			sourceTree = "<group>";
		};
		A046D2D124EBD72400B272EC /* MainTableView */ = {
			isa = PBXGroup;
			children = (
				A0413E4624E4176F00234333 /* TableViewController.swift */,
				A0413E5624E41E0A00234333 /* TableViewCell.swift */,
			);
			path = MainTableView;
			sourceTree = "<group>";
		};
/* End PBXGroup section */

/* Begin PBXNativeTarget section */
		A0413E3E24E4176F00234333 /* BurgersMenu */ = {
			isa = PBXNativeTarget;
			buildConfigurationList = A0413E5324E4177500234333 /* Build configuration list for PBXNativeTarget "BurgersMenu" */;
			buildPhases = (
				A0413E3B24E4176F00234333 /* Sources */,
				A0413E3C24E4176F00234333 /* Frameworks */,
				A0413E3D24E4176F00234333 /* Resources */,
			);
			buildRules = (
			);
			dependencies = (
			);
			name = BurgersMenu;
			productName = BurgersMenu;
			productReference = A0413E3F24E4176F00234333 /* BurgersMenu.app */;
			productType = "com.apple.product-type.application";
		};
/* End PBXNativeTarget section */

/* Begin PBXProject section */
		A0413E3724E4176F00234333 /* Project object */ = {
			isa = PBXProject;
			attributes = {
				LastSwiftUpdateCheck = 1160;
				LastUpgradeCheck = 1160;
				ORGANIZATIONNAME = sravan;
				TargetAttributes = {
					A0413E3E24E4176F00234333 = {
						CreatedOnToolsVersion = 11.6;
					};
				};
			};
			buildConfigurationList = A0413E3A24E4176F00234333 /* Build configuration list for PBXProject "BurgersMenu" */;
			compatibilityVersion = "Xcode 9.3";
			developmentRegion = en;
			hasScannedForEncodings = 0;
			knownRegions = (
				en,
				Base,
			);
			mainGroup = A0413E3624E4176F00234333;
			productRefGroup = A0413E4024E4176F00234333 /* Products */;
			projectDirPath = "";
			projectRoot = "";
			targets = (
				A0413E3E24E4176F00234333 /* BurgersMenu */,
			);
		};
/* End PBXProject section */

/* Begin PBXResourcesBuildPhase section */
		A0413E3D24E4176F00234333 /* Resources */ = {
			isa = PBXResourcesBuildPhase;
			buildActionMask = 2147483647;
			files = (
				A0413E4F24E4177500234333 /* LaunchScreen.storyboard in Resources */,
				A0413E4C24E4177500234333 /* Assets.xcassets in Resources */,
				A0413E4A24E4176F00234333 /* Main.storyboard in Resources */,
			);
			runOnlyForDeploymentPostprocessing = 0;
		};
/* End PBXResourcesBuildPhase section */

/* Begin PBXSourcesBuildPhase section */
		A0413E3B24E4176F00234333 /* Sources */ = {
			isa = PBXSourcesBuildPhase;
			buildActionMask = 2147483647;
			files = (
				A0413E4724E4176F00234333 /* TableViewController.swift in Sources */,
				A0413E5724E41E0A00234333 /* TableViewCell.swift in Sources */,
				A0413E5924E43A8000234333 /* DetailViewController.swift in Sources */,
				A0413E4324E4176F00234333 /* AppDelegate.swift in Sources */,
				A0413E4524E4176F00234333 /* SceneDelegate.swift in Sources */,
			);
			runOnlyForDeploymentPostprocessing = 0;
		};
/* End PBXSourcesBuildPhase section */

/* Begin PBXVariantGroup section */
		A0413E4824E4176F00234333 /* Main.storyboard */ = {
			isa = PBXVariantGroup;
			children = (
				A0413E4924E4176F00234333 /* Base */,
			);
			name = Main.storyboard;
			sourceTree = "<group>";
		};
		A0413E4D24E4177500234333 /* LaunchScreen.storyboard */ = {
			isa = PBXVariantGroup;
			children = (
				A0413E4E24E4177500234333 /* Base */,
			);
			name = LaunchScreen.storyboard;
			sourceTree = "<group>";
		};
/* End PBXVariantGroup section */

/* Begin XCBuildConfiguration section */
		A0413E5124E4177500234333 /* Debug */ = {
			isa = XCBuildConfiguration;
			buildSettings = {
				ALWAYS_SEARCH_USER_PATHS = NO;
				CLANG_ANALYZER_NONNULL = YES;
				CLANG_ANALYZER_NUMBER_OBJECT_CONVERSION = YES_AGGRESSIVE;
				CLANG_CXX_LANGUAGE_STANDARD = "gnu++14";
				CLANG_CXX_LIBRARY = "libc++";
				CLANG_ENABLE_MODULES = YES;
				CLANG_ENABLE_OBJC_ARC = YES;
				CLANG_ENABLE_OBJC_WEAK = YES;
				CLANG_WARN_BLOCK_CAPTURE_AUTORELEASING = YES;
				CLANG_WARN_BOOL_CONVERSION = YES;
				CLANG_WARN_COMMA = YES;
				CLANG_WARN_CONSTANT_CONVERSION = YES;
				CLANG_WARN_DEPRECATED_OBJC_IMPLEMENTATIONS = YES;
				CLANG_WARN_DIRECT_OBJC_ISA_USAGE = YES_ERROR;
				CLANG_WARN_DOCUMENTATION_COMMENTS = YES;
				CLANG_WARN_EMPTY_BODY = YES;
				CLANG_WARN_ENUM_CONVERSION = YES;
				CLANG_WARN_INFINITE_RECURSION = YES;
				CLANG_WARN_INT_CONVERSION = YES;
				CLANG_WARN_NON_LITERAL_NULL_CONVERSION = YES;
				CLANG_WARN_OBJC_IMPLICIT_RETAIN_SELF = YES;
				CLANG_WARN_OBJC_LITERAL_CONVERSION = YES;
				CLANG_WARN_OBJC_ROOT_CLASS = YES_ERROR;
				CLANG_WARN_RANGE_LOOP_ANALYSIS = YES;
				CLANG_WARN_STRICT_PROTOTYPES = YES;
				CLANG_WARN_SUSPICIOUS_MOVE = YES;
				CLANG_WARN_UNGUARDED_AVAILABILITY = YES_AGGRESSIVE;
				CLANG_WARN_UNREACHABLE_CODE = YES;
				CLANG_WARN__DUPLICATE_METHOD_MATCH = YES;
				COPY_PHASE_STRIP = NO;
				DEBUG_INFORMATION_FORMAT = dwarf;
				ENABLE_STRICT_OBJC_MSGSEND = YES;
				ENABLE_TESTABILITY = YES;
				GCC_C_LANGUAGE_STANDARD = gnu11;
				GCC_DYNAMIC_NO_PIC = NO;
				GCC_NO_COMMON_BLOCKS = YES;
				GCC_OPTIMIZATION_LEVEL = 0;
				GCC_PREPROCESSOR_DEFINITIONS = (
					"DEBUG=1",
					"$(inherited)",
				);
				GCC_WARN_64_TO_32_BIT_CONVERSION = YES;
				GCC_WARN_ABOUT_RETURN_TYPE = YES_ERROR;
				GCC_WARN_UNDECLARED_SELECTOR = YES;
				GCC_WARN_UNINITIALIZED_AUTOS = YES_AGGRESSIVE;
				GCC_WARN_UNUSED_FUNCTION = YES;
				GCC_WARN_UNUSED_VARIABLE = YES;
				IPHONEOS_DEPLOYMENT_TARGET = 13.6;
				MTL_ENABLE_DEBUG_INFO = INCLUDE_SOURCE;
				MTL_FAST_MATH = YES;
				ONLY_ACTIVE_ARCH = YES;
				SDKROOT = iphoneos;
				SWIFT_ACTIVE_COMPILATION_CONDITIONS = DEBUG;
				SWIFT_OPTIMIZATION_LEVEL = "-Onone";
			};
			name = Debug;
		};
		A0413E5224E4177500234333 /* Release */ = {
			isa = XCBuildConfiguration;
			buildSettings = {
				ALWAYS_SEARCH_USER_PATHS = NO;
				CLANG_ANALYZER_NONNULL = YES;
				CLANG_ANALYZER_NUMBER_OBJECT_CONVERSION = YES_AGGRESSIVE;
				CLANG_CXX_LANGUAGE_STANDARD = "gnu++14";
				CLANG_CXX_LIBRARY = "libc++";
				CLANG_ENABLE_MODULES = YES;
				CLANG_ENABLE_OBJC_ARC = YES;
				CLANG_ENABLE_OBJC_WEAK = YES;
				CLANG_WARN_BLOCK_CAPTURE_AUTORELEASING = YES;
				CLANG_WARN_BOOL_CONVERSION = YES;
				CLANG_WARN_COMMA = YES;
				CLANG_WARN_CONSTANT_CONVERSION = YES;
				CLANG_WARN_DEPRECATED_OBJC_IMPLEMENTATIONS = YES;
				CLANG_WARN_DIRECT_OBJC_ISA_USAGE = YES_ERROR;
				CLANG_WARN_DOCUMENTATION_COMMENTS = YES;
				CLANG_WARN_EMPTY_BODY = YES;
				CLANG_WARN_ENUM_CONVERSION = YES;
				CLANG_WARN_INFINITE_RECURSION = YES;
				CLANG_WARN_INT_CONVERSION = YES;
				CLANG_WARN_NON_LITERAL_NULL_CONVERSION = YES;
				CLANG_WARN_OBJC_IMPLICIT_RETAIN_SELF = YES;
				CLANG_WARN_OBJC_LITERAL_CONVERSION = YES;
				CLANG_WARN_OBJC_ROOT_CLASS = YES_ERROR;
				CLANG_WARN_RANGE_LOOP_ANALYSIS = YES;
				CLANG_WARN_STRICT_PROTOTYPES = YES;
				CLANG_WARN_SUSPICIOUS_MOVE = YES;
				CLANG_WARN_UNGUARDED_AVAILABILITY = YES_AGGRESSIVE;
				CLANG_WARN_UNREACHABLE_CODE = YES;
				CLANG_WARN__DUPLICATE_METHOD_MATCH = YES;
				COPY_PHASE_STRIP = NO;
				DEBUG_INFORMATION_FORMAT = "dwarf-with-dsym";
				ENABLE_NS_ASSERTIONS = NO;
				ENABLE_STRICT_OBJC_MSGSEND = YES;
				GCC_C_LANGUAGE_STANDARD = gnu11;
				GCC_NO_COMMON_BLOCKS = YES;
				GCC_WARN_64_TO_32_BIT_CONVERSION = YES;
				GCC_WARN_ABOUT_RETURN_TYPE = YES_ERROR;
				GCC_WARN_UNDECLARED_SELECTOR = YES;
				GCC_WARN_UNINITIALIZED_AUTOS = YES_AGGRESSIVE;
				GCC_WARN_UNUSED_FUNCTION = YES;
				GCC_WARN_UNUSED_VARIABLE = YES;
				IPHONEOS_DEPLOYMENT_TARGET = 13.6;
				MTL_ENABLE_DEBUG_INFO = NO;
				MTL_FAST_MATH = YES;
				SDKROOT = iphoneos;
				SWIFT_COMPILATION_MODE = wholemodule;
				SWIFT_OPTIMIZATION_LEVEL = "-O";
				VALIDATE_PRODUCT = YES;
			};
			name = Release;
		};
		A0413E5424E4177500234333 /* Debug */ = {
			isa = XCBuildConfiguration;
			buildSettings = {
				ASSETCATALOG_COMPILER_APPICON_NAME = AppIcon;
				CODE_SIGN_STYLE = Automatic;
				DEVELOPMENT_TEAM = SF3CMN58QC;
				INFOPLIST_FILE = BurgersMenu/Info.plist;
				LD_RUNPATH_SEARCH_PATHS = (
					"$(inherited)",
					"@executable_path/Frameworks",
				);
				PRODUCT_BUNDLE_IDENTIFIER = EPITA.BurgersMenu;
				PRODUCT_NAME = "$(TARGET_NAME)";
				SWIFT_VERSION = 5.0;
				TARGETED_DEVICE_FAMILY = "1,2";
			};
			name = Debug;
		};
		A0413E5524E4177500234333 /* Release */ = {
			isa = XCBuildConfiguration;
			buildSettings = {
				ASSETCATALOG_COMPILER_APPICON_NAME = AppIcon;
				CODE_SIGN_STYLE = Automatic;
				DEVELOPMENT_TEAM = SF3CMN58QC;
				INFOPLIST_FILE = BurgersMenu/Info.plist;
				LD_RUNPATH_SEARCH_PATHS = (
					"$(inherited)",
					"@executable_path/Frameworks",
				);
				PRODUCT_BUNDLE_IDENTIFIER = EPITA.BurgersMenu;
				PRODUCT_NAME = "$(TARGET_NAME)";
				SWIFT_VERSION = 5.0;
				TARGETED_DEVICE_FAMILY = "1,2";
			};
			name = Release;
		};
/* End XCBuildConfiguration section */

/* Begin XCConfigurationList section */
		A0413E3A24E4176F00234333 /* Build configuration list for PBXProject "BurgersMenu" */ = {
			isa = XCConfigurationList;
			buildConfigurations = (
				A0413E5124E4177500234333 /* Debug */,
				A0413E5224E4177500234333 /* Release */,
			);
			defaultConfigurationIsVisible = 0;
			defaultConfigurationName = Release;
		};
		A0413E5324E4177500234333 /* Build configuration list for PBXNativeTarget "BurgersMenu" */ = {
			isa = XCConfigurationList;
			buildConfigurations = (
				A0413E5424E4177500234333 /* Debug */,
				A0413E5524E4177500234333 /* Release */,
			);
			defaultConfigurationIsVisible = 0;
			defaultConfigurationName = Release;
		};
/* End XCConfigurationList section */
	};
	rootObject = A0413E3724E4176F00234333 /* Project object */;
}
